
Microsoft Visual Studio Solution File, Format Version 12.00
# Visual Studio 15
Project("{FAE04EC0-301F-11D3-BF4B-00C04F79EFBC}") = "a2_s3644668_s3643929", "a2_s3644668_s3643929\a2_s3644668_s3643929.csproj", "{C9A93B63-8B56-4D7D-A865-D0CF8AFE8542}"
EndProject
Global
	GlobalSection(SolutionConfigurationPlatforms) = preSolution
		Debug|Any CPU = Debug|Any CPU
		Release|Any CPU = Release|Any CPU
	EndGlobalSection
	GlobalSection(ProjectConfigurationPlatforms) = postSolution
		{C9A93B63-8B56-4D7D-A865-D0CF8AFE8542}.Debug|Any CPU.ActiveCfg = Debug|Any CPU
		{C9A93B63-8B56-4D7D-A865-D0CF8AFE8542}.Debug|Any CPU.Build.0 = Debug|Any CPU
		{C9A93B63-8B56-4D7D-A865-D0CF8AFE8542}.Release|Any CPU.ActiveCfg = Release|Any CPU
		{C9A93B63-8B56-4D7D-A865-D0CF8AFE8542}.Release|Any CPU.Build.0 = Release|Any CPU
	EndGlobalSection
EndGlobal
